{
  "name": "50-before-30",
  "version": "0.1.0",
  "lockfileVersion": 1,
  "requires": true,
  "dependencies": {
    "ammap3": {
      "version": "3.21.13",
      "resolved": "https://registry.npmjs.org/ammap3/-/ammap3-3.21.13.tgz",
      "integrity": "sha512-1Iwa0jD+x0Eutn+O8Yk5jXJ3mfxc7vD1fca8q4rmIH8gOnA9Norik6rUyrkQOlCWLv5Kay+wR+rf5GipFSgENQ=="
    }
  }
}
